
Microsoft Visual Studio Solution File, Format Version 12.00
# Visual Studio 15
VisualStudioVersion = 15.0.28010.0
MinimumVisualStudioVersion = 10.0.40219.1
Project("{FAE04EC0-301F-11D3-BF4B-00C04F79EFBC}") = "CardInterestCalculater", "CardInterestCalculater\CardInterestCalculater.csproj", "{FC6D4501-8E3D-4E25-9075-5F49C2C4E7D9}"
EndProject
Project("{FAE04EC0-301F-11D3-BF4B-00C04F79EFBC}") = "CardInterestCalculaterTest", "CardInterestCalculaterTewst\CardInterestCalculaterTest.csproj", "{36EBB6D7-C60E-4949-A2E6-DE4F188701E0}"
EndProject
Global
	GlobalSection(SolutionConfigurationPlatforms) = preSolution
		Debug|Any CPU = Debug|Any CPU
		Release|Any CPU = Release|Any CPU
	EndGlobalSection
	GlobalSection(ProjectConfigurationPlatforms) = postSolution
		{FC6D4501-8E3D-4E25-9075-5F49C2C4E7D9}.Debug|Any CPU.ActiveCfg = Debug|Any CPU
		{FC6D4501-8E3D-4E25-9075-5F49C2C4E7D9}.Debug|Any CPU.Build.0 = Debug|Any CPU
		{FC6D4501-8E3D-4E25-9075-5F49C2C4E7D9}.Release|Any CPU.ActiveCfg = Release|Any CPU
		{FC6D4501-8E3D-4E25-9075-5F49C2C4E7D9}.Release|Any CPU.Build.0 = Release|Any CPU
		{36EBB6D7-C60E-4949-A2E6-DE4F188701E0}.Debug|Any CPU.ActiveCfg = Debug|Any CPU
		{36EBB6D7-C60E-4949-A2E6-DE4F188701E0}.Debug|Any CPU.Build.0 = Debug|Any CPU
		{36EBB6D7-C60E-4949-A2E6-DE4F188701E0}.Release|Any CPU.ActiveCfg = Release|Any CPU
		{36EBB6D7-C60E-4949-A2E6-DE4F188701E0}.Release|Any CPU.Build.0 = Release|Any CPU
	EndGlobalSection
	GlobalSection(SolutionProperties) = preSolution
		HideSolutionNode = FALSE
	EndGlobalSection
	GlobalSection(ExtensibilityGlobals) = postSolution
		SolutionGuid = {E2D1E3CF-11D4-4479-B1CA-5C40C82D733C}
	EndGlobalSection
EndGlobal
